// !$*UTF8*$!
{
	archiveVersion = 1;
	classes = {
	};
	objectVersion = 77;
	objects = {

/* Begin PBXContainerItemProxy section */
		61C8824B2CC1D6C4001E430B /* PBXContainerItemProxy */ = {
			isa = PBXContainerItemProxy;
			containerPortal = 61C882322CC1D6C2001E430B /* Project object */;
			proxyType = 1;
			remoteGlobalIDString = 61C882392CC1D6C2001E430B;
			remoteInfo = man;
		};
		61C882552CC1D6C4001E430B /* PBXContainerItemProxy */ = {
			isa = PBXContainerItemProxy;
			containerPortal = 61C882322CC1D6C2001E430B /* Project object */;
			proxyType = 1;
			remoteGlobalIDString = 61C882392CC1D6C2001E430B;
			remoteInfo = man;
		};
/* End PBXContainerItemProxy section */

/* Begin PBXFileReference section */
		61C8823A2CC1D6C2001E430B /* man.app */ = {isa = PBXFileReference; explicitFileType = wrapper.application; includeInIndex = 0; path = man.app; sourceTree = BUILT_PRODUCTS_DIR; };
		61C8824A2CC1D6C4001E430B /* manTests.xctest */ = {isa = PBXFileReference; explicitFileType = wrapper.cfbundle; includeInIndex = 0; path = manTests.xctest; sourceTree = BUILT_PRODUCTS_DIR; };
		61C882542CC1D6C4001E430B /* manUITests.xctest */ = {isa = PBXFileReference; explicitFileType = wrapper.cfbundle; includeInIndex = 0; path = manUITests.xctest; sourceTree = BUILT_PRODUCTS_DIR; };
/* End PBXFileReference section */

/* Begin PBXFileSystemSynchronizedRootGroup section */
		61C8823C2CC1D6C2001E430B /* man */ = {
			isa = PBXFileSystemSynchronizedRootGroup;
			path = man;
			sourceTree = "<group>";
		};
		61C8824D2CC1D6C4001E430B /* manTests */ = {
			isa = PBXFileSystemSynchronizedRootGroup;
			path = manTests;
			sourceTree = "<group>";
		};
		61C882572CC1D6C4001E430B /* manUITests */ = {
			isa = PBXFileSystemSynchronizedRootGroup;
			path = manUITests;
			sourceTree = "<group>";
		};
/* End PBXFileSystemSynchronizedRootGroup section */

/* Begin PBXFrameworksBuildPhase section */
		61C882372CC1D6C2001E430B /* Frameworks */ = {
			isa = PBXFrameworksBuildPhase;
			buildActionMask = 2147483647;
			files = (
			);
			runOnlyForDeploymentPostprocessing = 0;
		};
		61C882472CC1D6C4001E430B /* Frameworks */ = {
			isa = PBXFrameworksBuildPhase;
			buildActionMask = 2147483647;
			files = (
			);
			runOnlyForDeploymentPostprocessing = 0;
		};
		61C882512CC1D6C4001E430B /* Frameworks */ = {
			isa = PBXFrameworksBuildPhase;
			buildActionMask = 2147483647;
			files = (
			);
			runOnlyForDeploymentPostprocessing = 0;
		};
/* End PBXFrameworksBuildPhase section */

/* Begin PBXGroup section */
		61C882312CC1D6C2001E430B = {
			isa = PBXGroup;
			children = (
				61C8823C2CC1D6C2001E430B /* man */,
				61C8824D2CC1D6C4001E430B /* manTests */,
				61C882572CC1D6C4001E430B /* manUITests */,
				61C8823B2CC1D6C2001E430B /* Products */,
			);
			sourceTree = "<group>";
		};
		61C8823B2CC1D6C2001E430B /* Products */ = {
			isa = PBXGroup;
			children = (
				61C8823A2CC1D6C2001E430B /* man.app */,
				61C8824A2CC1D6C4001E430B /* manTests.xctest */,
				61C882542CC1D6C4001E430B /* manUITests.xctest */,
			);
			name = Products;
			sourceTree = "<group>";
		};
/* End PBXGroup section */

/* Begin PBXNativeTarget section */
		61C882392CC1D6C2001E430B /* man */ = {
			isa = PBXNativeTarget;
			buildConfigurationList = 61C8825E2CC1D6C4001E430B /* Build configuration list for PBXNativeTarget "man" */;
			buildPhases = (
				61C882362CC1D6C2001E430B /* Sources */,
				61C882372CC1D6C2001E430B /* Frameworks */,
				61C882382CC1D6C2001E430B /* Resources */,
			);
			buildRules = (
			);
			dependencies = (
			);
			fileSystemSynchronizedGroups = (
				61C8823C2CC1D6C2001E430B /* man */,
			);
			name = man;
			packageProductDependencies = (
			);
			productName = man;
			productReference = 61C8823A2CC1D6C2001E430B /* man.app */;
			productType = "com.apple.product-type.application";
		};
		61C882492CC1D6C4001E430B /* manTests */ = {
			isa = PBXNativeTarget;
			buildConfigurationList = 61C882612CC1D6C4001E430B /* Build configuration list for PBXNativeTarget "manTests" */;
			buildPhases = (
				61C882462CC1D6C4001E430B /* Sources */,
				61C882472CC1D6C4001E430B /* Frameworks */,
				61C882482CC1D6C4001E430B /* Resources */,
			);
			buildRules = (
			);
			dependencies = (
				61C8824C2CC1D6C4001E430B /* PBXTargetDependency */,
			);
			fileSystemSynchronizedGroups = (
				61C8824D2CC1D6C4001E430B /* manTests */,
			);
			name = manTests;
			packageProductDependencies = (
			);
			productName = manTests;
			productReference = 61C8824A2CC1D6C4001E430B /* manTests.xctest */;
			productType = "com.apple.product-type.bundle.unit-test";
		};
		61C882532CC1D6C4001E430B /* manUITests */ = {
			isa = PBXNativeTarget;
			buildConfigurationList = 61C882642CC1D6C4001E430B /* Build configuration list for PBXNativeTarget "manUITests" */;
			buildPhases = (
				61C882502CC1D6C4001E430B /* Sources */,
				61C882512CC1D6C4001E430B /* Frameworks */,
				61C882522CC1D6C4001E430B /* Resources */,
			);
			buildRules = (
			);
			dependencies = (
				61C882562CC1D6C4001E430B /* PBXTargetDependency */,
			);
			fileSystemSynchronizedGroups = (
				61C882572CC1D6C4001E430B /* manUITests */,
			);
			name = manUITests;
			packageProductDependencies = (
			);
			productName = manUITests;
			productReference = 61C882542CC1D6C4001E430B /* manUITests.xctest */;
			productType = "com.apple.product-type.bundle.ui-testing";
		};
/* End PBXNativeTarget section */

/* Begin PBXProject section */
		61C882322CC1D6C2001E430B /* Project object */ = {
			isa = PBXProject;
			attributes = {
				BuildIndependentTargetsInParallel = 1;
				LastSwiftUpdateCheck = 1600;
				LastUpgradeCheck = 1600;
				TargetAttributes = {
					61C882392CC1D6C2001E430B = {
						CreatedOnToolsVersion = 16.0;
					};
					61C882492CC1D6C4001E430B = {
						CreatedOnToolsVersion = 16.0;
						TestTargetID = 61C882392CC1D6C2001E430B;
					};
					61C882532CC1D6C4001E430B = {
						CreatedOnToolsVersion = 16.0;
						TestTargetID = 61C882392CC1D6C2001E430B;
					};
				};
			};
			buildConfigurationList = 61C882352CC1D6C2001E430B /* Build configuration list for PBXProject "man" */;
			developmentRegion = en;
			hasScannedForEncodings = 0;
			knownRegions = (
				en,
				Base,
			);
			mainGroup = 61C882312CC1D6C2001E430B;
			minimizedProjectReferenceProxies = 1;
			preferredProjectObjectVersion = 77;
			productRefGroup = 61C8823B2CC1D6C2001E430B /* Products */;
			projectDirPath = "";
			projectRoot = "";
			targets = (
				61C882392CC1D6C2001E430B /* man */,
				61C882492CC1D6C4001E430B /* manTests */,
				61C882532CC1D6C4001E430B /* manUITests */,
			);
		};
/* End PBXProject section */

/* Begin PBXResourcesBuildPhase section */
		61C882382CC1D6C2001E430B /* Resources */ = {
			isa = PBXResourcesBuildPhase;
			buildActionMask = 2147483647;
			files = (
			);
			runOnlyForDeploymentPostprocessing = 0;
		};
		61C882482CC1D6C4001E430B /* Resources */ = {
			isa = PBXResourcesBuildPhase;
			buildActionMask = 2147483647;
			files = (
			);
			runOnlyForDeploymentPostprocessing = 0;
		};
		61C882522CC1D6C4001E430B /* Resources */ = {
			isa = PBXResourcesBuildPhase;
			buildActionMask = 2147483647;
			files = (
			);
			runOnlyForDeploymentPostprocessing = 0;
		};
/* End PBXResourcesBuildPhase section */

/* Begin PBXSourcesBuildPhase section */
		61C882362CC1D6C2001E430B /* Sources */ = {
			isa = PBXSourcesBuildPhase;
			buildActionMask = 2147483647;
			files = (
			);
			runOnlyForDeploymentPostprocessing = 0;
		};
		61C882462CC1D6C4001E430B /* Sources */ = {
			isa = PBXSourcesBuildPhase;
			buildActionMask = 2147483647;
			files = (
			);
			runOnlyForDeploymentPostprocessing = 0;
		};
		61C882502CC1D6C4001E430B /* Sources */ = {
			isa = PBXSourcesBuildPhase;
			buildActionMask = 2147483647;
			files = (
			);
			runOnlyForDeploymentPostprocessing = 0;
		};
/* End PBXSourcesBuildPhase section */

/* Begin PBXTargetDependency section */
		61C8824C2CC1D6C4001E430B /* PBXTargetDependency */ = {
			isa = PBXTargetDependency;
			target = 61C882392CC1D6C2001E430B /* man */;
			targetProxy = 61C8824B2CC1D6C4001E430B /* PBXContainerItemProxy */;
		};
		61C882562CC1D6C4001E430B /* PBXTargetDependency */ = {
			isa = PBXTargetDependency;
			target = 61C882392CC1D6C2001E430B /* man */;
			targetProxy = 61C882552CC1D6C4001E430B /* PBXContainerItemProxy */;
		};
/* End PBXTargetDependency section */

/* Begin XCBuildConfiguration section */
		61C8825C2CC1D6C4001E430B /* Debug */ = {
			isa = XCBuildConfiguration;
			buildSettings = {
				ALWAYS_SEARCH_USER_PATHS = NO;
				ASSETCATALOG_COMPILER_GENERATE_SWIFT_ASSET_SYMBOL_EXTENSIONS = YES;
				CLANG_ANALYZER_NONNULL = YES;
				CLANG_ANALYZER_NUMBER_OBJECT_CONVERSION = YES_AGGRESSIVE;
				CLANG_CXX_LANGUAGE_STANDARD = "gnu++20";
				CLANG_ENABLE_MODULES = YES;
				CLANG_ENABLE_OBJC_ARC = YES;
				CLANG_ENABLE_OBJC_WEAK = YES;
				CLANG_WARN_BLOCK_CAPTURE_AUTORELEASING = YES;
				CLANG_WARN_BOOL_CONVERSION = YES;
				CLANG_WARN_COMMA = YES;
				CLANG_WARN_CONSTANT_CONVERSION = YES;
				CLANG_WARN_DEPRECATED_OBJC_IMPLEMENTATIONS = YES;
				CLANG_WARN_DIRECT_OBJC_ISA_USAGE = YES_ERROR;
				CLANG_WARN_DOCUMENTATION_COMMENTS = YES;
				CLANG_WARN_EMPTY_BODY = YES;
				CLANG_WARN_ENUM_CONVERSION = YES;
				CLANG_WARN_INFINITE_RECURSION = YES;
				CLANG_WARN_INT_CONVERSION = YES;
				CLANG_WARN_NON_LITERAL_NULL_CONVERSION = YES;
				CLANG_WARN_OBJC_IMPLICIT_RETAIN_SELF = YES;
				CLANG_WARN_OBJC_LITERAL_CONVERSION = YES;
				CLANG_WARN_OBJC_ROOT_CLASS = YES_ERROR;
				CLANG_WARN_QUOTED_INCLUDE_IN_FRAMEWORK_HEADER = YES;
				CLANG_WARN_RANGE_LOOP_ANALYSIS = YES;
				CLANG_WARN_STRICT_PROTOTYPES = YES;
				CLANG_WARN_SUSPICIOUS_MOVE = YES;
				CLANG_WARN_UNGUARDED_AVAILABILITY = YES_AGGRESSIVE;
				CLANG_WARN_UNREACHABLE_CODE = YES;
				CLANG_WARN__DUPLICATE_METHOD_MATCH = YES;
				COPY_PHASE_STRIP = NO;
				DEBUG_INFORMATION_FORMAT = dwarf;
				ENABLE_STRICT_OBJC_MSGSEND = YES;
				ENABLE_TESTABILITY = YES;
				ENABLE_USER_SCRIPT_SANDBOXING = YES;
				GCC_C_LANGUAGE_STANDARD = gnu17;
				GCC_DYNAMIC_NO_PIC = NO;
				GCC_NO_COMMON_BLOCKS = YES;
				GCC_OPTIMIZATION_LEVEL = 0;
				GCC_PREPROCESSOR_DEFINITIONS = (
					"DEBUG=1",
					"$(inherited)",
				);
				GCC_WARN_64_TO_32_BIT_CONVERSION = YES;
				GCC_WARN_ABOUT_RETURN_TYPE = YES_ERROR;
				GCC_WARN_UNDECLARED_SELECTOR = YES;
				GCC_WARN_UNINITIALIZED_AUTOS = YES_AGGRESSIVE;
				GCC_WARN_UNUSED_FUNCTION = YES;
				GCC_WARN_UNUSED_VARIABLE = YES;
				IPHONEOS_DEPLOYMENT_TARGET = 18.0;
				LOCALIZATION_PREFERS_STRING_CATALOGS = YES;
				MTL_ENABLE_DEBUG_INFO = INCLUDE_SOURCE;
				MTL_FAST_MATH = YES;
				ONLY_ACTIVE_ARCH = YES;
				SDKROOT = iphoneos;
				SWIFT_ACTIVE_COMPILATION_CONDITIONS = "DEBUG $(inherited)";
				SWIFT_OPTIMIZATION_LEVEL = "-Onone";
			};
			name = Debug;
		};
		61C8825D2CC1D6C4001E430B /* Release */ = {
			isa = XCBuildConfiguration;
			buildSettings = {
				ALWAYS_SEARCH_USER_PATHS = NO;
				ASSETCATALOG_COMPILER_GENERATE_SWIFT_ASSET_SYMBOL_EXTENSIONS = YES;
				CLANG_ANALYZER_NONNULL = YES;
				CLANG_ANALYZER_NUMBER_OBJECT_CONVERSION = YES_AGGRESSIVE;
				CLANG_CXX_LANGUAGE_STANDARD = "gnu++20";
				CLANG_ENABLE_MODULES = YES;
				CLANG_ENABLE_OBJC_ARC = YES;
				CLANG_ENABLE_OBJC_WEAK = YES;
				CLANG_WARN_BLOCK_CAPTURE_AUTORELEASING = YES;
				CLANG_WARN_BOOL_CONVERSION = YES;
				CLANG_WARN_COMMA = YES;
				CLANG_WARN_CONSTANT_CONVERSION = YES;
				CLANG_WARN_DEPRECATED_OBJC_IMPLEMENTATIONS = YES;
				CLANG_WARN_DIRECT_OBJC_ISA_USAGE = YES_ERROR;
				CLANG_WARN_DOCUMENTATION_COMMENTS = YES;
				CLANG_WARN_EMPTY_BODY = YES;
				CLANG_WARN_ENUM_CONVERSION = YES;
				CLANG_WARN_INFINITE_RECURSION = YES;
				CLANG_WARN_INT_CONVERSION = YES;
				CLANG_WARN_NON_LITERAL_NULL_CONVERSION = YES;
				CLANG_WARN_OBJC_IMPLICIT_RETAIN_SELF = YES;
				CLANG_WARN_OBJC_LITERAL_CONVERSION = YES;
				CLANG_WARN_OBJC_ROOT_CLASS = YES_ERROR;
				CLANG_WARN_QUOTED_INCLUDE_IN_FRAMEWORK_HEADER = YES;
				CLANG_WARN_RANGE_LOOP_ANALYSIS = YES;
				CLANG_WARN_STRICT_PROTOTYPES = YES;
				CLANG_WARN_SUSPICIOUS_MOVE = YES;
				CLANG_WARN_UNGUARDED_AVAILABILITY = YES_AGGRESSIVE;
				CLANG_WARN_UNREACHABLE_CODE = YES;
				CLANG_WARN__DUPLICATE_METHOD_MATCH = YES;
				COPY_PHASE_STRIP = NO;
				DEBUG_INFORMATION_FORMAT = "dwarf-with-dsym";
				ENABLE_NS_ASSERTIONS = NO;
				ENABLE_STRICT_OBJC_MSGSEND = YES;
				ENABLE_USER_SCRIPT_SANDBOXING = YES;
				GCC_C_LANGUAGE_STANDARD = gnu17;
				GCC_NO_COMMON_BLOCKS = YES;
				GCC_WARN_64_TO_32_BIT_CONVERSION = YES;
				GCC_WARN_ABOUT_RETURN_TYPE = YES_ERROR;
				GCC_WARN_UNDECLARED_SELECTOR = YES;
				GCC_WARN_UNINITIALIZED_AUTOS = YES_AGGRESSIVE;
				GCC_WARN_UNUSED_FUNCTION = YES;
				GCC_WARN_UNUSED_VARIABLE = YES;
				IPHONEOS_DEPLOYMENT_TARGET = 18.0;
				LOCALIZATION_PREFERS_STRING_CATALOGS = YES;
				MTL_ENABLE_DEBUG_INFO = NO;
				MTL_FAST_MATH = YES;
				SDKROOT = iphoneos;
				SWIFT_COMPILATION_MODE = wholemodule;
				VALIDATE_PRODUCT = YES;
			};
			name = Release;
		};
		61C8825F2CC1D6C4001E430B /* Debug */ = {
			isa = XCBuildConfiguration;
			buildSettings = {
				ASSETCATALOG_COMPILER_APPICON_NAME = AppIcon;
				ASSETCATALOG_COMPILER_GLOBAL_ACCENT_COLOR_NAME = AccentColor;
				CODE_SIGN_STYLE = Automatic;
				CURRENT_PROJECT_VERSION = 1;
				DEVELOPMENT_ASSET_PATHS = "\"man/Preview Content\"";
				ENABLE_PREVIEWS = YES;
				GENERATE_INFOPLIST_FILE = YES;
				INFOPLIST_KEY_UIApplicationSceneManifest_Generation = YES;
				INFOPLIST_KEY_UIApplicationSupportsIndirectInputEvents = YES;
				INFOPLIST_KEY_UILaunchScreen_Generation = YES;
				INFOPLIST_KEY_UISupportedInterfaceOrientations_iPad = "UIInterfaceOrientationPortrait UIInterfaceOrientationPortraitUpsideDown UIInterfaceOrientationLandscapeLeft UIInterfaceOrientationLandscapeRight";
				INFOPLIST_KEY_UISupportedInterfaceOrientations_iPhone = "UIInterfaceOrientationPortrait UIInterfaceOrientationLandscapeLeft UIInterfaceOrientationLandscapeRight";
				LD_RUNPATH_SEARCH_PATHS = (
					"$(inherited)",
					"@executable_path/Frameworks",
				);
				MARKETING_VERSION = 1.0;
				PRODUCT_BUNDLE_IDENTIFIER = harsh.man;
				PRODUCT_NAME = "$(TARGET_NAME)";
				SWIFT_EMIT_LOC_STRINGS = YES;
				SWIFT_VERSION = 5.0;
				TARGETED_DEVICE_FAMILY = "1,2";
			};
			name = Debug;
		};
		61C882602CC1D6C4001E430B /* Release */ = {
			isa = XCBuildConfiguration;
			buildSettings = {
				ASSETCATALOG_COMPILER_APPICON_NAME = AppIcon;
				ASSETCATALOG_COMPILER_GLOBAL_ACCENT_COLOR_NAME = AccentColor;
				CODE_SIGN_STYLE = Automatic;
				CURRENT_PROJECT_VERSION = 1;
				DEVELOPMENT_ASSET_PATHS = "\"man/Preview Content\"";
				ENABLE_PREVIEWS = YES;
				GENERATE_INFOPLIST_FILE = YES;
				INFOPLIST_KEY_UIApplicationSceneManifest_Generation = YES;
				INFOPLIST_KEY_UIApplicationSupportsIndirectInputEvents = YES;
				INFOPLIST_KEY_UILaunchScreen_Generation = YES;
				INFOPLIST_KEY_UISupportedInterfaceOrientations_iPad = "UIInterfaceOrientationPortrait UIInterfaceOrientationPortraitUpsideDown UIInterfaceOrientationLandscapeLeft UIInterfaceOrientationLandscapeRight";
				INFOPLIST_KEY_UISupportedInterfaceOrientations_iPhone = "UIInterfaceOrientationPortrait UIInterfaceOrientationLandscapeLeft UIInterfaceOrientationLandscapeRight";
				LD_RUNPATH_SEARCH_PATHS = (
					"$(inherited)",
					"@executable_path/Frameworks",
				);
				MARKETING_VERSION = 1.0;
				PRODUCT_BUNDLE_IDENTIFIER = harsh.man;
				PRODUCT_NAME = "$(TARGET_NAME)";
				SWIFT_EMIT_LOC_STRINGS = YES;
				SWIFT_VERSION = 5.0;
				TARGETED_DEVICE_FAMILY = "1,2";
			};
			name = Release;
		};
		61C882622CC1D6C4001E430B /* Debug */ = {
			isa = XCBuildConfiguration;
			buildSettings = {
				BUNDLE_LOADER = "$(TEST_HOST)";
				CODE_SIGN_STYLE = Automatic;
				CURRENT_PROJECT_VERSION = 1;
				GENERATE_INFOPLIST_FILE = YES;
				IPHONEOS_DEPLOYMENT_TARGET = 18.0;
				MARKETING_VERSION = 1.0;
				PRODUCT_BUNDLE_IDENTIFIER = harsh.manTests;
				PRODUCT_NAME = "$(TARGET_NAME)";
				SWIFT_EMIT_LOC_STRINGS = NO;
				SWIFT_VERSION = 5.0;
				TARGETED_DEVICE_FAMILY = "1,2";
				TEST_HOST = "$(BUILT_PRODUCTS_DIR)/man.app/$(BUNDLE_EXECUTABLE_FOLDER_PATH)/man";
			};
			name = Debug;
		};
		61C882632CC1D6C4001E430B /* Release */ = {
			isa = XCBuildConfiguration;
			buildSettings = {
				BUNDLE_LOADER = "$(TEST_HOST)";
				CODE_SIGN_STYLE = Automatic;
				CURRENT_PROJECT_VERSION = 1;
				GENERATE_INFOPLIST_FILE = YES;
				IPHONEOS_DEPLOYMENT_TARGET = 18.0;
				MARKETING_VERSION = 1.0;
				PRODUCT_BUNDLE_IDENTIFIER = harsh.manTests;
				PRODUCT_NAME = "$(TARGET_NAME)";
				SWIFT_EMIT_LOC_STRINGS = NO;
				SWIFT_VERSION = 5.0;
				TARGETED_DEVICE_FAMILY = "1,2";
				TEST_HOST = "$(BUILT_PRODUCTS_DIR)/man.app/$(BUNDLE_EXECUTABLE_FOLDER_PATH)/man";
			};
			name = Release;
		};
		61C882652CC1D6C4001E430B /* Debug */ = {
			isa = XCBuildConfiguration;
			buildSettings = {
				CODE_SIGN_STYLE = Automatic;
				CURRENT_PROJECT_VERSION = 1;
				GENERATE_INFOPLIST_FILE = YES;
				MARKETING_VERSION = 1.0;
				PRODUCT_BUNDLE_IDENTIFIER = harsh.manUITests;
				PRODUCT_NAME = "$(TARGET_NAME)";
				SWIFT_EMIT_LOC_STRINGS = NO;
				SWIFT_VERSION = 5.0;
				TARGETED_DEVICE_FAMILY = "1,2";
				TEST_TARGET_NAME = man;
			};
			name = Debug;
		};
		61C882662CC1D6C4001E430B /* Release */ = {
			isa = XCBuildConfiguration;
			buildSettings = {
				CODE_SIGN_STYLE = Automatic;
				CURRENT_PROJECT_VERSION = 1;
				GENERATE_INFOPLIST_FILE = YES;
				MARKETING_VERSION = 1.0;
				PRODUCT_BUNDLE_IDENTIFIER = harsh.manUITests;
				PRODUCT_NAME = "$(TARGET_NAME)";
				SWIFT_EMIT_LOC_STRINGS = NO;
				SWIFT_VERSION = 5.0;
				TARGETED_DEVICE_FAMILY = "1,2";
				TEST_TARGET_NAME = man;
			};
			name = Release;
		};
/* End XCBuildConfiguration section */

/* Begin XCConfigurationList section */
		61C882352CC1D6C2001E430B /* Build configuration list for PBXProject "man" */ = {
			isa = XCConfigurationList;
			buildConfigurations = (
				61C8825C2CC1D6C4001E430B /* Debug */,
				61C8825D2CC1D6C4001E430B /* Release */,
			);
			defaultConfigurationIsVisible = 0;
			defaultConfigurationName = Release;
		};
		61C8825E2CC1D6C4001E430B /* Build configuration list for PBXNativeTarget "man" */ = {
			isa = XCConfigurationList;
			buildConfigurations = (
				61C8825F2CC1D6C4001E430B /* Debug */,
				61C882602CC1D6C4001E430B /* Release */,
			);
			defaultConfigurationIsVisible = 0;
			defaultConfigurationName = Release;
		};
		61C882612CC1D6C4001E430B /* Build configuration list for PBXNativeTarget "manTests" */ = {
			isa = XCConfigurationList;
			buildConfigurations = (
				61C882622CC1D6C4001E430B /* Debug */,
				61C882632CC1D6C4001E430B /* Release */,
			);
			defaultConfigurationIsVisible = 0;
			defaultConfigurationName = Release;
		};
		61C882642CC1D6C4001E430B /* Build configuration list for PBXNativeTarget "manUITests" */ = {
			isa = XCConfigurationList;
			buildConfigurations = (
				61C882652CC1D6C4001E430B /* Debug */,
				61C882662CC1D6C4001E430B /* Release */,
			);
			defaultConfigurationIsVisible = 0;
			defaultConfigurationName = Release;
		};
/* End XCConfigurationList section */
	};
	rootObject = 61C882322CC1D6C2001E430B /* Project object */;
}
